
Microsoft Visual Studio Solution File, Format Version 12.00
# Visual Studio Version 17
VisualStudioVersion = 17.3.32819.101
MinimumVisualStudioVersion = 10.0.40219.1
Project("{FAE04EC0-301F-11D3-BF4B-00C04F79EFBC}") = "RecruitmentTask", "RecruitmentTask\RecruitmentTask.csproj", "{81D63BF5-B66A-4DB0-840E-132721DC6CFB}"
EndProject
Global
	GlobalSection(SolutionConfigurationPlatforms) = preSolution
		Debug|Any CPU = Debug|Any CPU
		Release|Any CPU = Release|Any CPU
	EndGlobalSection
	GlobalSection(ProjectConfigurationPlatforms) = postSolution
		{81D63BF5-B66A-4DB0-840E-132721DC6CFB}.Debug|Any CPU.ActiveCfg = Debug|Any CPU
		{81D63BF5-B66A-4DB0-840E-132721DC6CFB}.Debug|Any CPU.Build.0 = Debug|Any CPU
		{81D63BF5-B66A-4DB0-840E-132721DC6CFB}.Release|Any CPU.ActiveCfg = Release|Any CPU
		{81D63BF5-B66A-4DB0-840E-132721DC6CFB}.Release|Any CPU.Build.0 = Release|Any CPU
	EndGlobalSection
	GlobalSection(SolutionProperties) = preSolution
		HideSolutionNode = FALSE
	EndGlobalSection
	GlobalSection(ExtensibilityGlobals) = postSolution
		SolutionGuid = {99428913-2B70-46B8-BC75-091464A58E95}
	EndGlobalSection
EndGlobal
